{
  "version": 4,
  "terraform_version": "1.7.3",
  "serial": 109,
  "lineage": "a294cc13-f59b-9965-5700-c7525510c4f8",
  "outputs": {},
  "resources": [
    {
      "mode": "managed",
      "type": "azurerm_cdn_frontdoor_endpoint",
      "name": "Hb-Frontdoor-Endpoint",
      "provider": "provider[\"registry.terraform.io/hashicorp/azurerm\"]",
      "instances": [
        {
          "schema_version": 0,
          "attributes": {
            "cdn_frontdoor_profile_id": "/subscriptions/001c2e7e-e94e-4804-a374-ce90121a8c3a/resourceGroups/candidate/providers/Microsoft.Cdn/profiles/hb-frontdoor",
            "enabled": true,
            "host_name": "Hb-Frontdoor-Endpoint-hccbcnbshafphcb5.a01.azurefd.net",
            "id": "/subscriptions/001c2e7e-e94e-4804-a374-ce90121a8c3a/resourceGroups/candidate/providers/Microsoft.Cdn/profiles/hb-frontdoor/afdEndpoints/Hb-Frontdoor-Endpoint",
            "name": "Hb-Frontdoor-Endpoint",
            "tags": {},
            "timeouts": null
          },
          "sensitive_attributes": [],
          "private": "eyJlMmJmYjczMC1lY2FhLTExZTYtOGY4OC0zNDM2M2JjN2M0YzAiOnsiY3JlYXRlIjoxODAwMDAwMDAwMDAwLCJkZWxldGUiOjE4MDAwMDAwMDAwMDAsInJlYWQiOjMwMDAwMDAwMDAwMCwidXBkYXRlIjoxODAwMDAwMDAwMDAwfX0=",
          "dependencies": [
            "azurerm_cdn_frontdoor_profile.Hb-Frontdoor"
          ]
        }
      ]
    },
    {
      "mode": "managed",
      "type": "azurerm_cdn_frontdoor_origin",
      "name": "frontdoor-frontend-origin",
      "provider": "provider[\"registry.terraform.io/hashicorp/azurerm\"]",
      "instances": [
        {
          "schema_version": 0,
          "attributes": {
            "cdn_frontdoor_origin_group_id": "/subscriptions/001c2e7e-e94e-4804-a374-ce90121a8c3a/resourceGroups/candidate/providers/Microsoft.Cdn/profiles/hb-frontdoor/originGroups/Hb-frontdoor-fe-origin-group",
            "certificate_name_check_enabled": true,
            "enabled": true,
            "health_probes_enabled": true,
            "host_name": "hbstorageacct.blob.core.windows.net",
            "http_port": 80,
            "https_port": 443,
            "id": "/subscriptions/001c2e7e-e94e-4804-a374-ce90121a8c3a/resourceGroups/candidate/providers/Microsoft.Cdn/profiles/hb-frontdoor/originGroups/Hb-frontdoor-fe-origin-group/origins/frontdoor-frontend-origin",
            "name": "frontdoor-frontend-origin",
            "origin_host_header": "hbstorageacct.blob.core.windows.net",
            "priority": 1,
            "private_link": [],
            "timeouts": null,
            "weight": 1000
          },
          "sensitive_attributes": [],
          "private": "eyJlMmJmYjczMC1lY2FhLTExZTYtOGY4OC0zNDM2M2JjN2M0YzAiOnsiY3JlYXRlIjoxODAwMDAwMDAwMDAwLCJkZWxldGUiOjE4MDAwMDAwMDAwMDAsInJlYWQiOjMwMDAwMDAwMDAwMCwidXBkYXRlIjoxODAwMDAwMDAwMDAwfX0=",
          "dependencies": [
            "azurerm_cdn_frontdoor_origin_group.frontdoor-fe-origin-group",
            "azurerm_cdn_frontdoor_profile.Hb-Frontdoor"
          ]
        }
      ]
    },
    {
      "mode": "managed",
      "type": "azurerm_cdn_frontdoor_origin_group",
      "name": "frontdoor-fe-origin-group",
      "provider": "provider[\"registry.terraform.io/hashicorp/azurerm\"]",
      "instances": [
        {
          "schema_version": 0,
          "attributes": {
            "cdn_frontdoor_profile_id": "/subscriptions/001c2e7e-e94e-4804-a374-ce90121a8c3a/resourceGroups/candidate/providers/Microsoft.Cdn/profiles/hb-frontdoor",
            "health_probe": [
              {
                "interval_in_seconds": 100,
                "path": "/health-check",
                "protocol": "Http",
                "request_type": "HEAD"
              }
            ],
            "id": "/subscriptions/001c2e7e-e94e-4804-a374-ce90121a8c3a/resourceGroups/candidate/providers/Microsoft.Cdn/profiles/hb-frontdoor/originGroups/Hb-frontdoor-fe-origin-group",
            "load_balancing": [
              {
                "additional_latency_in_milliseconds": 50,
                "sample_size": 4,
                "successful_samples_required": 3
              }
            ],
            "name": "Hb-frontdoor-fe-origin-group",
            "restore_traffic_time_to_healed_or_new_endpoint_in_minutes": 10,
            "session_affinity_enabled": true,
            "timeouts": null
          },
          "sensitive_attributes": [],
          "private": "eyJlMmJmYjczMC1lY2FhLTExZTYtOGY4OC0zNDM2M2JjN2M0YzAiOnsiY3JlYXRlIjoxODAwMDAwMDAwMDAwLCJkZWxldGUiOjE4MDAwMDAwMDAwMDAsInJlYWQiOjMwMDAwMDAwMDAwMCwidXBkYXRlIjoxODAwMDAwMDAwMDAwfX0=",
          "dependencies": [
            "azurerm_cdn_frontdoor_profile.Hb-Frontdoor"
          ]
        }
      ]
    },
    {
      "mode": "managed",
      "type": "azurerm_cdn_frontdoor_profile",
      "name": "Hb-Frontdoor",
      "provider": "provider[\"registry.terraform.io/hashicorp/azurerm\"]",
      "instances": [
        {
          "schema_version": 0,
          "attributes": {
            "id": "/subscriptions/001c2e7e-e94e-4804-a374-ce90121a8c3a/resourceGroups/candidate/providers/Microsoft.Cdn/profiles/hb-frontdoor",
            "name": "hb-frontdoor",
            "resource_group_name": "candidate",
            "resource_guid": "aac680e4-14f1-42a2-9e4d-0bc5a62f6de4",
            "response_timeout_seconds": 100,
            "sku_name": "Standard_AzureFrontDoor",
            "tags": {},
            "timeouts": null
          },
          "sensitive_attributes": [],
          "private": "eyJlMmJmYjczMC1lY2FhLTExZTYtOGY4OC0zNDM2M2JjN2M0YzAiOnsiY3JlYXRlIjoxODAwMDAwMDAwMDAwLCJkZWxldGUiOjE4MDAwMDAwMDAwMDAsInJlYWQiOjMwMDAwMDAwMDAwMCwidXBkYXRlIjoxODAwMDAwMDAwMDAwfX0="
        }
      ]
    },
    {
      "mode": "managed",
      "type": "azurerm_cdn_frontdoor_route",
      "name": "frontdoor-frontend-route",
      "provider": "provider[\"registry.terraform.io/hashicorp/azurerm\"]",
      "instances": [
        {
          "schema_version": 0,
          "attributes": {
            "cache": [],
            "cdn_frontdoor_custom_domain_ids": [],
            "cdn_frontdoor_endpoint_id": "/subscriptions/001c2e7e-e94e-4804-a374-ce90121a8c3a/resourceGroups/candidate/providers/Microsoft.Cdn/profiles/hb-frontdoor/afdEndpoints/Hb-Frontdoor-Endpoint",
            "cdn_frontdoor_origin_group_id": "/subscriptions/001c2e7e-e94e-4804-a374-ce90121a8c3a/resourceGroups/candidate/providers/Microsoft.Cdn/profiles/hb-frontdoor/originGroups/Hb-frontdoor-fe-origin-group",
            "cdn_frontdoor_origin_ids": [
              "/subscriptions/001c2e7e-e94e-4804-a374-ce90121a8c3a/resourceGroups/candidate/providers/Microsoft.Cdn/profiles/hb-frontdoor/originGroups/Hb-frontdoor-fe-origin-group/origins/frontdoor-frontend-origin"
            ],
            "cdn_frontdoor_origin_path": "",
            "cdn_frontdoor_rule_set_ids": [],
            "enabled": true,
            "forwarding_protocol": "MatchRequest",
            "https_redirect_enabled": true,
            "id": "/subscriptions/001c2e7e-e94e-4804-a374-ce90121a8c3a/resourceGroups/candidate/providers/Microsoft.Cdn/profiles/hb-frontdoor/afdEndpoints/Hb-Frontdoor-Endpoint/routes/frontdoor-frontend-route",
            "link_to_default_domain": true,
            "name": "frontdoor-frontend-route",
            "patterns_to_match": [
              "/*"
            ],
            "supported_protocols": [
              "Http",
              "Https"
            ],
            "timeouts": null
          },
          "sensitive_attributes": [],
          "private": "eyJlMmJmYjczMC1lY2FhLTExZTYtOGY4OC0zNDM2M2JjN2M0YzAiOnsiY3JlYXRlIjoxODAwMDAwMDAwMDAwLCJkZWxldGUiOjE4MDAwMDAwMDAwMDAsInJlYWQiOjMwMDAwMDAwMDAwMCwidXBkYXRlIjoxODAwMDAwMDAwMDAwfX0=",
          "dependencies": [
            "azurerm_cdn_frontdoor_endpoint.Hb-Frontdoor-Endpoint",
            "azurerm_cdn_frontdoor_origin.frontdoor-frontend-origin",
            "azurerm_cdn_frontdoor_origin_group.frontdoor-fe-origin-group",
            "azurerm_cdn_frontdoor_profile.Hb-Frontdoor"
          ]
        }
      ]
    },
    {
      "mode": "managed",
      "type": "azurerm_lb",
      "name": "Hb_load_balancer",
      "provider": "provider[\"registry.terraform.io/hashicorp/azurerm\"]",
      "instances": [
        {
          "schema_version": 0,
          "attributes": {
            "edge_zone": "",
            "frontend_ip_configuration": [
              {
                "gateway_load_balancer_frontend_ip_configuration_id": "",
                "id": "/subscriptions/001c2e7e-e94e-4804-a374-ce90121a8c3a/resourceGroups/candidate/providers/Microsoft.Network/loadBalancers/Hb-load-balancer/frontendIPConfigurations/public-ip-config",
                "inbound_nat_rules": [
                  "/subscriptions/001c2e7e-e94e-4804-a374-ce90121a8c3a/resourceGroups/candidate/providers/Microsoft.Network/loadBalancers/Hb-load-balancer/inboundNatRules/hb-nat-rule"
                ],
                "load_balancer_rules": [
                  "/subscriptions/001c2e7e-e94e-4804-a374-ce90121a8c3a/resourceGroups/candidate/providers/Microsoft.Network/loadBalancers/Hb-load-balancer/loadBalancingRules/Hb-http-rule"
                ],
                "name": "public-ip-config",
                "outbound_rules": [],
                "private_ip_address": "",
                "private_ip_address_allocation": "Dynamic",
                "private_ip_address_version": "",
                "public_ip_address_id": "/subscriptions/001c2e7e-e94e-4804-a374-ce90121a8c3a/resourceGroups/candidate/providers/Microsoft.Network/publicIPAddresses/Hb_public_ip",
                "public_ip_prefix_id": "",
                "subnet_id": "",
                "zones": []
              }
            ],
            "id": "/subscriptions/001c2e7e-e94e-4804-a374-ce90121a8c3a/resourceGroups/candidate/providers/Microsoft.Network/loadBalancers/Hb-load-balancer",
            "location": "southcentralus",
            "name": "Hb-load-balancer",
            "private_ip_address": "",
            "private_ip_addresses": [],
            "resource_group_name": "candidate",
            "sku": "Standard",
            "sku_tier": "Regional",
            "tags": {
              "app": "interview",
              "team": "cloudops",
              "terraform": "true"
            },
            "timeouts": null
          },
          "sensitive_attributes": [],
          "private": "eyJlMmJmYjczMC1lY2FhLTExZTYtOGY4OC0zNDM2M2JjN2M0YzAiOnsiY3JlYXRlIjoxODAwMDAwMDAwMDAwLCJkZWxldGUiOjE4MDAwMDAwMDAwMDAsInJlYWQiOjMwMDAwMDAwMDAwMCwidXBkYXRlIjoxODAwMDAwMDAwMDAwfX0="
        }
      ]
    },
    {
      "mode": "managed",
      "type": "azurerm_lb_backend_address_pool",
      "name": "hb_backend_pool",
      "provider": "provider[\"registry.terraform.io/hashicorp/azurerm\"]",
      "instances": [
        {
          "schema_version": 0,
          "attributes": {
            "backend_ip_configurations": [
              "/subscriptions/001c2e7e-e94e-4804-a374-ce90121a8c3a/resourceGroups/candidate/providers/Microsoft.Network/networkInterfaces/Hb-vm-nic/ipConfigurations/Hb-vm"
            ],
            "id": "/subscriptions/001c2e7e-e94e-4804-a374-ce90121a8c3a/resourceGroups/candidate/providers/Microsoft.Network/loadBalancers/Hb-load-balancer/backendAddressPools/hb-backend",
            "inbound_nat_rules": [],
            "load_balancing_rules": [
              "/subscriptions/001c2e7e-e94e-4804-a374-ce90121a8c3a/resourceGroups/candidate/providers/Microsoft.Network/loadBalancers/Hb-load-balancer/loadBalancingRules/Hb-http-rule"
            ],
            "loadbalancer_id": "/subscriptions/001c2e7e-e94e-4804-a374-ce90121a8c3a/resourceGroups/candidate/providers/Microsoft.Network/loadBalancers/Hb-load-balancer",
            "name": "hb-backend",
            "outbound_rules": [],
            "timeouts": null,
            "tunnel_interface": [],
            "virtual_network_id": ""
          },
          "sensitive_attributes": [],
          "private": "eyJlMmJmYjczMC1lY2FhLTExZTYtOGY4OC0zNDM2M2JjN2M0YzAiOnsiY3JlYXRlIjoxODAwMDAwMDAwMDAwLCJkZWxldGUiOjE4MDAwMDAwMDAwMDAsInJlYWQiOjMwMDAwMDAwMDAwMCwidXBkYXRlIjoxODAwMDAwMDAwMDAwfX0=",
          "dependencies": [
            "azurerm_lb.Hb_load_balancer"
          ]
        }
      ]
    },
    {
      "mode": "managed",
      "type": "azurerm_lb_probe",
      "name": "hb-probe",
      "provider": "provider[\"registry.terraform.io/hashicorp/azurerm\"]",
      "instances": [
        {
          "schema_version": 0,
          "attributes": {
            "id": "/subscriptions/001c2e7e-e94e-4804-a374-ce90121a8c3a/resourceGroups/candidate/providers/Microsoft.Network/loadBalancers/Hb-load-balancer/probes/hb-health-probe",
            "interval_in_seconds": 15,
            "load_balancer_rules": [
              "/subscriptions/001c2e7e-e94e-4804-a374-ce90121a8c3a/resourceGroups/candidate/providers/Microsoft.Network/loadBalancers/Hb-load-balancer/loadBalancingRules/Hb-http-rule"
            ],
            "loadbalancer_id": "/subscriptions/001c2e7e-e94e-4804-a374-ce90121a8c3a/resourceGroups/candidate/providers/Microsoft.Network/loadBalancers/Hb-load-balancer",
            "name": "hb-health-probe",
            "number_of_probes": 2,
            "port": 80,
            "probe_threshold": 1,
            "protocol": "Http",
            "request_path": "/",
            "timeouts": null
          },
          "sensitive_attributes": [],
          "private": "eyJlMmJmYjczMC1lY2FhLTExZTYtOGY4OC0zNDM2M2JjN2M0YzAiOnsiY3JlYXRlIjoxODAwMDAwMDAwMDAwLCJkZWxldGUiOjE4MDAwMDAwMDAwMDAsInJlYWQiOjMwMDAwMDAwMDAwMCwidXBkYXRlIjoxODAwMDAwMDAwMDAwfX0=",
          "dependencies": [
            "azurerm_lb.Hb_load_balancer"
          ]
        }
      ]
    },
    {
      "mode": "managed",
      "type": "azurerm_lb_rule",
      "name": "Hb_http_rule",
      "provider": "provider[\"registry.terraform.io/hashicorp/azurerm\"]",
      "instances": [
        {
          "schema_version": 0,
          "attributes": {
            "backend_address_pool_ids": [
              "/subscriptions/001c2e7e-e94e-4804-a374-ce90121a8c3a/resourceGroups/candidate/providers/Microsoft.Network/loadBalancers/Hb-load-balancer/backendAddressPools/hb-backend"
            ],
            "backend_port": 80,
            "disable_outbound_snat": false,
            "enable_floating_ip": false,
            "enable_tcp_reset": false,
            "frontend_ip_configuration_id": "/subscriptions/001c2e7e-e94e-4804-a374-ce90121a8c3a/resourceGroups/candidate/providers/Microsoft.Network/loadBalancers/Hb-load-balancer/frontendIPConfigurations/public-ip-config",
            "frontend_ip_configuration_name": "public-ip-config",
            "frontend_port": 80,
            "id": "/subscriptions/001c2e7e-e94e-4804-a374-ce90121a8c3a/resourceGroups/candidate/providers/Microsoft.Network/loadBalancers/Hb-load-balancer/loadBalancingRules/Hb-http-rule",
            "idle_timeout_in_minutes": 4,
            "load_distribution": "Default",
            "loadbalancer_id": "/subscriptions/001c2e7e-e94e-4804-a374-ce90121a8c3a/resourceGroups/candidate/providers/Microsoft.Network/loadBalancers/Hb-load-balancer",
            "name": "Hb-http-rule",
            "probe_id": "/subscriptions/001c2e7e-e94e-4804-a374-ce90121a8c3a/resourceGroups/candidate/providers/Microsoft.Network/loadBalancers/Hb-load-balancer/probes/hb-health-probe",
            "protocol": "Tcp",
            "timeouts": null
          },
          "sensitive_attributes": [],
          "private": "eyJlMmJmYjczMC1lY2FhLTExZTYtOGY4OC0zNDM2M2JjN2M0YzAiOnsiY3JlYXRlIjoxODAwMDAwMDAwMDAwLCJkZWxldGUiOjE4MDAwMDAwMDAwMDAsInJlYWQiOjMwMDAwMDAwMDAwMCwidXBkYXRlIjoxODAwMDAwMDAwMDAwfX0=",
          "dependencies": [
            "azurerm_lb.Hb_load_balancer",
            "azurerm_lb_probe.hb-probe"
          ]
        }
      ]
    },
    {
      "mode": "managed",
      "type": "azurerm_route_table",
      "name": "Candidate_Route_Table",
      "provider": "provider[\"registry.terraform.io/hashicorp/azurerm\"]",
      "instances": [
        {
          "schema_version": 0,
          "attributes": {
            "disable_bgp_route_propagation": false,
            "id": "/subscriptions/001c2e7e-e94e-4804-a374-ce90121a8c3a/resourceGroups/candidate/providers/Microsoft.Network/routeTables/Healthcare_bluebook_route_table",
            "location": "southcentralus",
            "name": "Healthcare_bluebook_route_table",
            "resource_group_name": "candidate",
            "route": [
              {
                "address_prefix": "0.0.0.0/0",
                "name": "Internet",
                "next_hop_in_ip_address": "",
                "next_hop_type": "Internet"
              }
            ],
            "subnets": [
              "/subscriptions/001c2e7e-e94e-4804-a374-ce90121a8c3a/resourceGroups/candidate/providers/Microsoft.Network/virtualNetworks/Healthcare_bluebook_network/subnets/Healthcare_bluebook_subnet"
            ],
            "tags": {},
            "timeouts": null
          },
          "sensitive_attributes": [],
          "private": "eyJlMmJmYjczMC1lY2FhLTExZTYtOGY4OC0zNDM2M2JjN2M0YzAiOnsiY3JlYXRlIjoxODAwMDAwMDAwMDAwLCJkZWxldGUiOjE4MDAwMDAwMDAwMDAsInJlYWQiOjMwMDAwMDAwMDAwMCwidXBkYXRlIjoxODAwMDAwMDAwMDAwfX0="
        }
      ]
    },
    {
      "module": "module.network",
      "mode": "managed",
      "type": "azurerm_virtual_network",
      "name": "main",
      "provider": "provider[\"registry.terraform.io/hashicorp/azurerm\"]",
      "instances": [
        {
          "schema_version": 0,
          "attributes": {
            "address_space": [
              "10.0.0.0/16"
            ],
            "bgp_community": "",
            "ddos_protection_plan": [],
            "dns_servers": [],
            "edge_zone": "",
            "encryption": [],
            "flow_timeout_in_minutes": 0,
            "guid": "d777046b-133a-4079-bac6-1ad918b12cbc",
            "id": "/subscriptions/001c2e7e-e94e-4804-a374-ce90121a8c3a/resourceGroups/candidate/providers/Microsoft.Network/virtualNetworks/Healthcare_bluebook_network",
            "location": "southcentralus",
            "name": "Healthcare_bluebook_network",
            "resource_group_name": "candidate",
            "subnet": [
              {
                "address_prefix": "10.0.1.0/24",
                "id": "/subscriptions/001c2e7e-e94e-4804-a374-ce90121a8c3a/resourceGroups/candidate/providers/Microsoft.Network/virtualNetworks/Healthcare_bluebook_network/subnets/Healthcare_bluebook_subnet",
                "name": "Healthcare_bluebook_subnet",
                "security_group": "/subscriptions/001c2e7e-e94e-4804-a374-ce90121a8c3a/resourceGroups/candidate/providers/Microsoft.Network/networkSecurityGroups/nsg-Hb-nsg"
              }
            ],
            "tags": {
              "app": "interview",
              "team": "cloudops",
              "terraform": "true",
              "type": "network"
            },
            "timeouts": null
          },
          "sensitive_attributes": [],
          "private": "eyJlMmJmYjczMC1lY2FhLTExZTYtOGY4OC0zNDM2M2JjN2M0YzAiOnsiY3JlYXRlIjoxODAwMDAwMDAwMDAwLCJkZWxldGUiOjE4MDAwMDAwMDAwMDAsInJlYWQiOjMwMDAwMDAwMDAwMCwidXBkYXRlIjoxODAwMDAwMDAwMDAwfX0="
        }
      ]
    },
    {
      "module": "module.network-security-group",
      "mode": "managed",
      "type": "azurerm_network_security_group",
      "name": "main",
      "provider": "provider[\"registry.terraform.io/hashicorp/azurerm\"]",
      "instances": [
        {
          "schema_version": 0,
          "attributes": {
            "id": "/subscriptions/001c2e7e-e94e-4804-a374-ce90121a8c3a/resourceGroups/candidate/providers/Microsoft.Network/networkSecurityGroups/nsg-Hb-nsg",
            "location": "southcentralus",
            "name": "nsg-Hb-nsg",
            "resource_group_name": "candidate",
            "security_rule": [
              {
                "access": "Allow",
                "description": "Allow HTTP traffic",
                "destination_address_prefix": "*",
                "destination_address_prefixes": [],
                "destination_application_security_group_ids": [],
                "destination_port_range": "80",
                "destination_port_ranges": [],
                "direction": "Inbound",
                "name": "allow-http",
                "priority": 100,
                "protocol": "Tcp",
                "source_address_prefix": "*",
                "source_address_prefixes": [],
                "source_application_security_group_ids": [],
                "source_port_range": "*",
                "source_port_ranges": []
              }
            ],
            "tags": {
              "app": "interview",
              "team": "cloudops",
              "terraform": "true",
              "type": "network"
            },
            "timeouts": null
          },
          "sensitive_attributes": [],
          "private": "eyJlMmJmYjczMC1lY2FhLTExZTYtOGY4OC0zNDM2M2JjN2M0YzAiOnsiY3JlYXRlIjoxODAwMDAwMDAwMDAwLCJkZWxldGUiOjE4MDAwMDAwMDAwMDAsInJlYWQiOjMwMDAwMDAwMDAwMCwidXBkYXRlIjoxODAwMDAwMDAwMDAwfX0="
        }
      ]
    },
    {
      "module": "module.public-ip",
      "mode": "managed",
      "type": "azurerm_public_ip",
      "name": "public_ip",
      "provider": "provider[\"registry.terraform.io/hashicorp/azurerm\"]",
      "instances": [
        {
          "schema_version": 0,
          "attributes": {
            "allocation_method": "Static",
            "ddos_protection_mode": "VirtualNetworkInherited",
            "ddos_protection_plan_id": null,
            "domain_name_label": "myhealthcarebluebook",
            "edge_zone": "",
            "fqdn": "myhealthcarebluebook.southcentralus.cloudapp.azure.com",
            "id": "/subscriptions/001c2e7e-e94e-4804-a374-ce90121a8c3a/resourceGroups/candidate/providers/Microsoft.Network/publicIPAddresses/Hb_public_ip",
            "idle_timeout_in_minutes": 4,
            "ip_address": "52.183.233.74",
            "ip_tags": {},
            "ip_version": "IPv4",
            "location": "southcentralus",
            "name": "Hb_public_ip",
            "public_ip_prefix_id": null,
            "resource_group_name": "candidate",
            "reverse_fqdn": "",
            "sku": "Standard",
            "sku_tier": "Regional",
            "tags": {
              "app": "interview",
              "team": "cloudops",
              "terraform": "true",
              "type": "ip"
            },
            "timeouts": null,
            "zones": [
              "1",
              "2",
              "3"
            ]
          },
          "sensitive_attributes": [],
          "private": "eyJlMmJmYjczMC1lY2FhLTExZTYtOGY4OC0zNDM2M2JjN2M0YzAiOnsiY3JlYXRlIjoxODAwMDAwMDAwMDAwLCJkZWxldGUiOjE4MDAwMDAwMDAwMDAsInJlYWQiOjMwMDAwMDAwMDAwMCwidXBkYXRlIjoxODAwMDAwMDAwMDAwfX0="
        }
      ]
    },
    {
      "module": "module.resource-group",
      "mode": "managed",
      "type": "azurerm_resource_group",
      "name": "main",
      "provider": "provider[\"registry.terraform.io/hashicorp/azurerm\"]",
      "instances": [
        {
          "schema_version": 0,
          "attributes": {
            "id": "/subscriptions/001c2e7e-e94e-4804-a374-ce90121a8c3a/resourceGroups/candidate",
            "location": "southcentralus",
            "managed_by": "",
            "name": "candidate",
            "tags": {
              "app": "interview",
              "team": "cloudops",
              "terraform": "true"
            },
            "timeouts": null
          },
          "sensitive_attributes": [],
          "private": "eyJlMmJmYjczMC1lY2FhLTExZTYtOGY4OC0zNDM2M2JjN2M0YzAiOnsiY3JlYXRlIjo1NDAwMDAwMDAwMDAwLCJkZWxldGUiOjU0MDAwMDAwMDAwMDAsInJlYWQiOjMwMDAwMDAwMDAwMCwidXBkYXRlIjo1NDAwMDAwMDAwMDAwfX0="
        }
      ]
    },
    {
      "module": "module.storage-account",
      "mode": "managed",
      "type": "azurerm_storage_account",
      "name": "main",
      "provider": "provider[\"registry.terraform.io/hashicorp/azurerm\"]",
      "instances": [
        {
          "status": "tainted",
          "schema_version": 4,
          "attributes": {
            "access_tier": "Hot",
            "account_kind": "StorageV2",
            "account_replication_type": "GRS",
            "account_tier": "Standard",
            "allow_nested_items_to_be_public": true,
            "allowed_copy_scope": "",
            "azure_files_authentication": [],
            "blob_properties": [
              {
                "change_feed_enabled": false,
                "change_feed_retention_in_days": 0,
                "container_delete_retention_policy": [],
                "cors_rule": [],
                "default_service_version": "",
                "delete_retention_policy": [],
                "last_access_time_enabled": false,
                "restore_policy": [],
                "versioning_enabled": false
              }
            ],
            "cross_tenant_replication_enabled": false,
            "custom_domain": [],
            "customer_managed_key": [],
            "default_to_oauth_authentication": false,
            "edge_zone": "",
            "enable_https_traffic_only": true,
            "id": "/subscriptions/001c2e7e-e94e-4804-a374-ce90121a8c3a/resourceGroups/candidate/providers/Microsoft.Storage/storageAccounts/hbstorageacct",
            "identity": [],
            "immutability_policy": [],
            "infrastructure_encryption_enabled": false,
            "is_hns_enabled": false,
            "large_file_share_enabled": null,
            "local_user_enabled": true,
            "location": "southcentralus",
            "min_tls_version": "TLS1_2",
            "name": "hbstorageacct",
            "network_rules": [
              {
                "bypass": [
                  "AzureServices"
                ],
                "default_action": "Deny",
                "ip_rules": [],
                "private_link_access": [],
                "virtual_network_subnet_ids": []
              }
            ],
            "nfsv3_enabled": false,
            "primary_access_key": "P0yCWqAseBYGSbOu8080E1KSCQHQu1UQqHZ2wSZF48nyGmsEYle2Kaoh2kztafDZQuxagjThNSFs+AStwAuJKA==",
            "primary_blob_connection_string": "DefaultEndpointsProtocol=https;BlobEndpoint=https://hbstorageacct.blob.core.windows.net/;AccountName=hbstorageacct;AccountKey=P0yCWqAseBYGSbOu8080E1KSCQHQu1UQqHZ2wSZF48nyGmsEYle2Kaoh2kztafDZQuxagjThNSFs+AStwAuJKA==",
            "primary_blob_endpoint": "https://hbstorageacct.blob.core.windows.net/",
            "primary_blob_host": "hbstorageacct.blob.core.windows.net",
            "primary_blob_internet_endpoint": null,
            "primary_blob_internet_host": null,
            "primary_blob_microsoft_endpoint": null,
            "primary_blob_microsoft_host": null,
            "primary_connection_string": "DefaultEndpointsProtocol=https;AccountName=hbstorageacct;AccountKey=P0yCWqAseBYGSbOu8080E1KSCQHQu1UQqHZ2wSZF48nyGmsEYle2Kaoh2kztafDZQuxagjThNSFs+AStwAuJKA==;EndpointSuffix=core.windows.net",
            "primary_dfs_endpoint": "https://hbstorageacct.dfs.core.windows.net/",
            "primary_dfs_host": "hbstorageacct.dfs.core.windows.net",
            "primary_dfs_internet_endpoint": null,
            "primary_dfs_internet_host": null,
            "primary_dfs_microsoft_endpoint": null,
            "primary_dfs_microsoft_host": null,
            "primary_file_endpoint": "https://hbstorageacct.file.core.windows.net/",
            "primary_file_host": "hbstorageacct.file.core.windows.net",
            "primary_file_internet_endpoint": null,
            "primary_file_internet_host": null,
            "primary_file_microsoft_endpoint": null,
            "primary_file_microsoft_host": null,
            "primary_location": "southcentralus",
            "primary_queue_endpoint": "https://hbstorageacct.queue.core.windows.net/",
            "primary_queue_host": "hbstorageacct.queue.core.windows.net",
            "primary_queue_microsoft_endpoint": null,
            "primary_queue_microsoft_host": null,
            "primary_table_endpoint": "https://hbstorageacct.table.core.windows.net/",
            "primary_table_host": "hbstorageacct.table.core.windows.net",
            "primary_table_microsoft_endpoint": null,
            "primary_table_microsoft_host": null,
            "primary_web_endpoint": "https://hbstorageacct.z21.web.core.windows.net/",
            "primary_web_host": "hbstorageacct.z21.web.core.windows.net",
            "primary_web_internet_endpoint": null,
            "primary_web_internet_host": null,
            "primary_web_microsoft_endpoint": null,
            "primary_web_microsoft_host": null,
            "public_network_access_enabled": true,
            "queue_encryption_key_type": "Service",
            "queue_properties": [
              {
                "cors_rule": [],
                "hour_metrics": [
                  {
                    "enabled": true,
                    "include_apis": true,
                    "retention_policy_days": 7,
                    "version": "1.0"
                  }
                ],
                "logging": [
                  {
                    "delete": true,
                    "read": true,
                    "retention_policy_days": 90,
                    "version": "1.0",
                    "write": true
                  }
                ],
                "minute_metrics": [
                  {
                    "enabled": true,
                    "include_apis": true,
                    "retention_policy_days": 7,
                    "version": "1.0"
                  }
                ]
              }
            ],
            "resource_group_name": "candidate",
            "routing": [],
            "sas_policy": [],
            "secondary_access_key": "L7q6POvfLCnj0C6URuIrk2RAH+hXoyf2giUk8ntzAgXW79cUgMPyL0IrzOCtAyM7ebhaydCw4rYZ+AStrOFN3g==",
            "secondary_blob_connection_string": "",
            "secondary_blob_endpoint": null,
            "secondary_blob_host": null,
            "secondary_blob_internet_endpoint": null,
            "secondary_blob_internet_host": null,
            "secondary_blob_microsoft_endpoint": null,
            "secondary_blob_microsoft_host": null,
            "secondary_connection_string": "DefaultEndpointsProtocol=https;AccountName=hbstorageacct;AccountKey=L7q6POvfLCnj0C6URuIrk2RAH+hXoyf2giUk8ntzAgXW79cUgMPyL0IrzOCtAyM7ebhaydCw4rYZ+AStrOFN3g==;EndpointSuffix=core.windows.net",
            "secondary_dfs_endpoint": null,
            "secondary_dfs_host": null,
            "secondary_dfs_internet_endpoint": null,
            "secondary_dfs_internet_host": null,
            "secondary_dfs_microsoft_endpoint": null,
            "secondary_dfs_microsoft_host": null,
            "secondary_file_endpoint": null,
            "secondary_file_host": null,
            "secondary_file_internet_endpoint": null,
            "secondary_file_internet_host": null,
            "secondary_file_microsoft_endpoint": null,
            "secondary_file_microsoft_host": null,
            "secondary_location": "northcentralus",
            "secondary_queue_endpoint": null,
            "secondary_queue_host": null,
            "secondary_queue_microsoft_endpoint": null,
            "secondary_queue_microsoft_host": null,
            "secondary_table_endpoint": null,
            "secondary_table_host": null,
            "secondary_table_microsoft_endpoint": null,
            "secondary_table_microsoft_host": null,
            "secondary_web_endpoint": null,
            "secondary_web_host": null,
            "secondary_web_internet_endpoint": null,
            "secondary_web_internet_host": null,
            "secondary_web_microsoft_endpoint": null,
            "secondary_web_microsoft_host": null,
            "sftp_enabled": false,
            "share_properties": null,
            "shared_access_key_enabled": true,
            "static_website": [
              {
                "error_404_document": "",
                "index_document": "index.html"
              }
            ],
            "table_encryption_key_type": "Service",
            "tags": {
              "app": "interview",
              "team": "cloudops",
              "terraform": "true",
              "type": "storage"
            },
            "timeouts": null
          },
          "sensitive_attributes": [],
          "private": "eyJlMmJmYjczMC1lY2FhLTExZTYtOGY4OC0zNDM2M2JjN2M0YzAiOnsiY3JlYXRlIjozNjAwMDAwMDAwMDAwLCJkZWxldGUiOjM2MDAwMDAwMDAwMDAsInJlYWQiOjMwMDAwMDAwMDAwMCwidXBkYXRlIjozNjAwMDAwMDAwMDAwfSwic2NoZW1hX3ZlcnNpb24iOiI0In0="
        }
      ]
    },
    {
      "module": "module.subnet",
      "mode": "managed",
      "type": "azurerm_subnet",
      "name": "main",
      "provider": "provider[\"registry.terraform.io/hashicorp/azurerm\"]",
      "instances": [
        {
          "schema_version": 0,
          "attributes": {
            "address_prefixes": [
              "10.0.1.0/24"
            ],
            "delegation": [],
            "enforce_private_link_endpoint_network_policies": false,
            "enforce_private_link_service_network_policies": false,
            "id": "/subscriptions/001c2e7e-e94e-4804-a374-ce90121a8c3a/resourceGroups/candidate/providers/Microsoft.Network/virtualNetworks/Healthcare_bluebook_network/subnets/Healthcare_bluebook_subnet",
            "name": "Healthcare_bluebook_subnet",
            "private_endpoint_network_policies_enabled": true,
            "private_link_service_network_policies_enabled": true,
            "resource_group_name": "candidate",
            "service_endpoint_policy_ids": [],
            "service_endpoints": [],
            "timeouts": null,
            "virtual_network_name": "Healthcare_bluebook_network"
          },
          "sensitive_attributes": [],
          "private": "eyJlMmJmYjczMC1lY2FhLTExZTYtOGY4OC0zNDM2M2JjN2M0YzAiOnsiY3JlYXRlIjoxODAwMDAwMDAwMDAwLCJkZWxldGUiOjE4MDAwMDAwMDAwMDAsInJlYWQiOjMwMDAwMDAwMDAwMCwidXBkYXRlIjoxODAwMDAwMDAwMDAwfX0="
        }
      ]
    },
    {
      "module": "module.subnet",
      "mode": "managed",
      "type": "azurerm_subnet_route_table_association",
      "name": "main",
      "provider": "provider[\"registry.terraform.io/hashicorp/azurerm\"]",
      "instances": [
        {
          "index_key": 0,
          "schema_version": 0,
          "attributes": {
            "id": "/subscriptions/001c2e7e-e94e-4804-a374-ce90121a8c3a/resourceGroups/candidate/providers/Microsoft.Network/virtualNetworks/Healthcare_bluebook_network/subnets/Healthcare_bluebook_subnet",
            "route_table_id": "/subscriptions/001c2e7e-e94e-4804-a374-ce90121a8c3a/resourceGroups/candidate/providers/Microsoft.Network/routeTables/Healthcare_bluebook_route_table",
            "subnet_id": "/subscriptions/001c2e7e-e94e-4804-a374-ce90121a8c3a/resourceGroups/candidate/providers/Microsoft.Network/virtualNetworks/Healthcare_bluebook_network/subnets/Healthcare_bluebook_subnet",
            "timeouts": null
          },
          "sensitive_attributes": [],
          "private": "eyJlMmJmYjczMC1lY2FhLTExZTYtOGY4OC0zNDM2M2JjN2M0YzAiOnsiY3JlYXRlIjoxODAwMDAwMDAwMDAwLCJkZWxldGUiOjE4MDAwMDAwMDAwMDAsInJlYWQiOjMwMDAwMDAwMDAwMH19",
          "dependencies": [
            "module.subnet.azurerm_subnet.main"
          ]
        }
      ]
    },
    {
      "module": "module.vm-linux",
      "mode": "managed",
      "type": "azurerm_network_interface",
      "name": "main",
      "provider": "provider[\"registry.terraform.io/hashicorp/azurerm\"]",
      "instances": [
        {
          "schema_version": 0,
          "attributes": {
            "applied_dns_servers": [],
            "auxiliary_mode": "",
            "auxiliary_sku": "",
            "dns_servers": [],
            "edge_zone": "",
            "enable_accelerated_networking": false,
            "enable_ip_forwarding": false,
            "id": "/subscriptions/001c2e7e-e94e-4804-a374-ce90121a8c3a/resourceGroups/candidate/providers/Microsoft.Network/networkInterfaces/Hb-vm-nic",
            "internal_dns_name_label": "",
            "internal_domain_name_suffix": "nmchpvz0cn2ubowgdlmrrmjmxe.jx.internal.cloudapp.net",
            "ip_configuration": [
              {
                "gateway_load_balancer_frontend_ip_configuration_id": "",
                "name": "Hb-vm",
                "primary": true,
                "private_ip_address": "10.0.1.4",
                "private_ip_address_allocation": "Dynamic",
                "private_ip_address_version": "IPv4",
                "public_ip_address_id": "",
                "subnet_id": "/subscriptions/001c2e7e-e94e-4804-a374-ce90121a8c3a/resourceGroups/candidate/providers/Microsoft.Network/virtualNetworks/Healthcare_bluebook_network/subnets/Healthcare_bluebook_subnet"
              }
            ],
            "location": "southcentralus",
            "mac_address": "60-45-BD-E3-71-B4",
            "name": "Hb-vm-nic",
            "private_ip_address": "10.0.1.4",
            "private_ip_addresses": [
              "10.0.1.4"
            ],
            "resource_group_name": "candidate",
            "tags": {
              "app": "interview",
              "team": "cloudops",
              "terraform": "true",
              "type": "vm"
            },
            "timeouts": null,
            "virtual_machine_id": "/subscriptions/001c2e7e-e94e-4804-a374-ce90121a8c3a/resourceGroups/candidate/providers/Microsoft.Compute/virtualMachines/Hb-vm"
          },
          "sensitive_attributes": [],
          "private": "eyJlMmJmYjczMC1lY2FhLTExZTYtOGY4OC0zNDM2M2JjN2M0YzAiOnsiY3JlYXRlIjoxODAwMDAwMDAwMDAwLCJkZWxldGUiOjE4MDAwMDAwMDAwMDAsInJlYWQiOjMwMDAwMDAwMDAwMCwidXBkYXRlIjoxODAwMDAwMDAwMDAwfX0="
        }
      ]
    },
    {
      "module": "module.vm-linux",
      "mode": "managed",
      "type": "azurerm_virtual_machine",
      "name": "main",
      "provider": "provider[\"registry.terraform.io/hashicorp/azurerm\"]",
      "instances": [
        {
          "schema_version": 0,
          "attributes": {
            "additional_capabilities": [],
            "availability_set_id": null,
            "boot_diagnostics": [
              {
                "enabled": true,
                "storage_uri": ""
              }
            ],
            "delete_data_disks_on_termination": true,
            "delete_os_disk_on_termination": true,
            "id": "/subscriptions/001c2e7e-e94e-4804-a374-ce90121a8c3a/resourceGroups/candidate/providers/Microsoft.Compute/virtualMachines/Hb-vm",
            "identity": [],
            "license_type": null,
            "location": "southcentralus",
            "name": "Hb-vm",
            "network_interface_ids": [
              "/subscriptions/001c2e7e-e94e-4804-a374-ce90121a8c3a/resourceGroups/candidate/providers/Microsoft.Network/networkInterfaces/Hb-vm-nic"
            ],
            "os_profile": [
              {
                "admin_password": "",
                "admin_username": "anthony",
                "computer_name": "Hb-vm",
                "custom_data": ""
              }
            ],
            "os_profile_linux_config": [
              {
                "disable_password_authentication": true,
                "ssh_keys": [
                  {
                    "key_data": "ssh-rsa AAAAB3NzaC1yc2EAAAADAQABAAABAQDPfqbh2c5kJ4JnlI30gwPRh22Q1sl39/mFitLtRjBypyGX0lpfza0984KKagJlCe/9t+/xxWs5JfRWQkuCtCQz+OP1zU9FTrGjGit/TJDx/QsCNi9neqJpSGtWhwj6k/Pn0R+BaZOB1n35yzmgZX387GV6P3SFb6izeicu/oOvLLF52nvKOc3PtvSifnW6t10HwMXCW+N+Ao1FrZw6PZgUZpL1CJkJZTqNk+2HutCjjf82Aay/9HWzgKDOhxT8yEGOv0yKJmq1y9abtL/lwOrw973tTWJ4TJxZPSqmw3DNVtF0pPYmHwa3HklRYUGIzcG6U6C7kz8ZEpvpy3tzJbqN",
                    "path": "/home/anthony/.ssh/authorized_keys"
                  }
                ]
              }
            ],
            "os_profile_secrets": [],
            "os_profile_windows_config": [],
            "plan": [],
            "primary_network_interface_id": null,
            "proximity_placement_group_id": null,
            "resource_group_name": "candidate",
            "storage_data_disk": [],
            "storage_image_reference": [
              {
                "id": "",
                "offer": "UbuntuServer",
                "publisher": "Canonical",
                "sku": "18_04-lts-gen2",
                "version": "latest"
              }
            ],
            "storage_os_disk": [
              {
                "caching": "ReadWrite",
                "create_option": "FromImage",
                "disk_size_gb": 30,
                "image_uri": "",
                "managed_disk_id": "/subscriptions/001c2e7e-e94e-4804-a374-ce90121a8c3a/resourceGroups/candidate/providers/Microsoft.Compute/disks/Hb-vm-osdisk",
                "managed_disk_type": "StandardSSD_LRS",
                "name": "Hb-vm-osdisk",
                "os_type": "Linux",
                "vhd_uri": "",
                "write_accelerator_enabled": false
              }
            ],
            "tags": {
              "app": "interview",
              "team": "cloudops",
              "terraform": "true",
              "type": "vm"
            },
            "timeouts": null,
            "vm_size": "Standard_B1ms",
            "zones": []
          },
          "sensitive_attributes": [],
          "private": "eyJlMmJmYjczMC1lY2FhLTExZTYtOGY4OC0zNDM2M2JjN2M0YzAiOnsiY3JlYXRlIjozNjAwMDAwMDAwMDAwLCJkZWxldGUiOjM2MDAwMDAwMDAwMDAsInJlYWQiOjMwMDAwMDAwMDAwMCwidXBkYXRlIjozNjAwMDAwMDAwMDAwfX0=",
          "dependencies": [
            "module.vm-linux.azurerm_network_interface.main"
          ]
        }
      ]
    }
  ],
  "check_results": [
    {
      "object_kind": "var",
      "config_addr": "module.vm-linux.var.vm_name",
      "status": "pass",
      "objects": [
        {
          "object_addr": "module.vm-linux.var.vm_name",
          "status": "pass"
        }
      ]
    }
  ]
}
